
Microsoft Visual Studio Solution File, Format Version 12.00
# Visual Studio Version 17
VisualStudioVersion = 17.13.35828.75
MinimumVisualStudioVersion = 10.0.40219.1
Project("{FAE04EC0-301F-11D3-BF4B-00C04F79EFBC}") = "PackPal", "PackPal\PackPal.csproj", "{26122BCE-EADF-4FBA-841D-CB52F59EECCC}"
EndProject
Global
	GlobalSection(SolutionConfigurationPlatforms) = preSolution
		Debug|Any CPU = Debug|Any CPU
		Release|Any CPU = Release|Any CPU
	EndGlobalSection
	GlobalSection(ProjectConfigurationPlatforms) = postSolution
		{26122BCE-EADF-4FBA-841D-CB52F59EECCC}.Debug|Any CPU.ActiveCfg = Debug|Any CPU
		{26122BCE-EADF-4FBA-841D-CB52F59EECCC}.Debug|Any CPU.Build.0 = Debug|Any CPU
		{26122BCE-EADF-4FBA-841D-CB52F59EECCC}.Release|Any CPU.ActiveCfg = Release|Any CPU
		{26122BCE-EADF-4FBA-841D-CB52F59EECCC}.Release|Any CPU.Build.0 = Release|Any CPU
	EndGlobalSection
	GlobalSection(SolutionProperties) = preSolution
		HideSolutionNode = FALSE
	EndGlobalSection
	GlobalSection(ExtensibilityGlobals) = postSolution
		SolutionGuid = {B2040A13-C64E-4244-A757-125ABAAE2351}
	EndGlobalSection
EndGlobal
